%{"distillery": {:hex, :distillery, "1.4.0", "d633cd322c8efa0428082b00b7f902daf8caa166d45f9022bbc19a896d2e1e56", [:mix], [], "hexpm"},
  "nerves": {:hex, :nerves, "0.5.1", "a55d73752e8f271c7aca5fbe47747f07d0e7760b5e858e7f8da17ab06287f49c", [:mix], [{:distillery, "~> 1.0", [hex: :distillery, repo: "hexpm", optional: false]}], "hexpm"}}
